# Tests pass with python 3.8 on 2025-01-06 and with these versions
# pip install --no-deps -r tests/requirements.lock
mo-dots==10.659.25005
mo-future==7.584.24095
mo-imports==7.584.24095
mo-kwargs==7.659.25005
mo-logs==8.659.25005
mo-math==7.647.24166
mo-testing==8.648.24172
mo-threads==6.623.24125
mo-times==5.648.24172
pytz==2024.1